
Microsoft Visual Studio Solution File, Format Version 12.00
# Visual Studio Version 16
VisualStudioVersion = 16.0.28803.156
MinimumVisualStudioVersion = 10.0.40219.1
Project("{9A19103F-16F7-4668-BE54-9A1E7A4F7556}") = "WaveFunctionCollapse", "WaveFunctionCollapse.csproj", "{DBC778CE-00BD-437B-9474-DFFFF8D6FD85}"
EndProject
Global
	GlobalSection(SolutionConfigurationPlatforms) = preSolution
		Debug|Any CPU = Debug|Any CPU
		Release|Any CPU = Release|Any CPU
	EndGlobalSection
	GlobalSection(ProjectConfigurationPlatforms) = postSolution
		{DBC778CE-00BD-437B-9474-DFFFF8D6FD85}.Debug|Any CPU.ActiveCfg = Debug|Any CPU
		{DBC778CE-00BD-437B-9474-DFFFF8D6FD85}.Debug|Any CPU.Build.0 = Debug|Any CPU
		{DBC778CE-00BD-437B-9474-DFFFF8D6FD85}.Release|Any CPU.ActiveCfg = Release|Any CPU
		{DBC778CE-00BD-437B-9474-DFFFF8D6FD85}.Release|Any CPU.Build.0 = Release|Any CPU
	EndGlobalSection
	GlobalSection(SolutionProperties) = preSolution
		HideSolutionNode = FALSE
	EndGlobalSection
	GlobalSection(ExtensibilityGlobals) = postSolution
		SolutionGuid = {E817330D-68F9-4C6F-901D-8218078109BC}
	EndGlobalSection
EndGlobal
